{
  "name": "shield-tactical-map",
  "version": "1.0.0",
  "lockfileVersion": 3,
  "requires": true,
  "packages": {
    "": {
      "name": "shield-tactical-map",
      "version": "1.0.0",
      "dependencies": {
        "d3": "^7.8.5",
        "firebase": "^10.7.1",
        "react": "^18.2.0",
        "react-dom": "^18.2.0",
        "topojson-client": "^3.1.0"
      },
      "devDependencies": {
        "@types/d3": "^7.4.3",
        "@types/node": "^20.10.0",
        "@types/react": "^18.2.43",
        "@types/react-dom": "^18.2.17",
        "@types/topojson-client": "^3.1.4",
        "@vitejs/plugin-react": "^4.2.1",
        "typescript": "^5.2.2",
        "vite": "^5.0.0"
      }
    }
  }
}